
Microsoft Visual Studio Solution File, Format Version 11.00
# Visual Studio 2010
Project("{FAE04EC0-301F-11D3-BF4B-00C04F79EFBC}") = "HBaseNet", "HBaseNet\HBaseNet.csproj", "{89E96660-7B49-4763-94AA-7D2F3C4394FD}"
EndProject
Project("{FAE04EC0-301F-11D3-BF4B-00C04F79EFBC}") = "Thrift.HBase", "Thrift.HBase\Thrift.HBase.csproj", "{7F7E4FAD-84D3-4338-8B5F-F5B48936C466}"
EndProject
Project("{2150E333-8FDC-42A3-9474-1A3956D46DE8}") = "Tests", "Tests", "{6D2281C1-3265-4909-8A8E-C6AD09BE716A}"
EndProject
Project("{2150E333-8FDC-42A3-9474-1A3956D46DE8}") = "Protocols", "Protocols", "{8675DA0A-F193-4425-B10A-9A4D58DDE3EC}"
EndProject
Project("{FAE04EC0-301F-11D3-BF4B-00C04F79EFBC}") = "HBaseNet.Tests", "HBaseNet.Tests\HBaseNet.Tests.csproj", "{25850B64-4B96-4485-8D2D-0D28A5DB87C9}"
EndProject
Project("{FAE04EC0-301F-11D3-BF4B-00C04F79EFBC}") = "HBaseNet.Protocols.Thrift", "HBaseNet.Protocols.Thrift\HBaseNet.Protocols.Thrift.csproj", "{CB5B2B54-A2B8-496E-AC3D-177A892861C1}"
EndProject
Project("{FAE04EC0-301F-11D3-BF4B-00C04F79EFBC}") = "HBaseNet.Autofac", "HBaseNet.Autofac\HBaseNet.Autofac.csproj", "{8E1E2AE4-39D0-486D-9AE1-956B97BB5F73}"
EndProject
Global
	GlobalSection(SolutionConfigurationPlatforms) = preSolution
		Debug|Any CPU = Debug|Any CPU
		Release|Any CPU = Release|Any CPU
	EndGlobalSection
	GlobalSection(ProjectConfigurationPlatforms) = postSolution
		{89E96660-7B49-4763-94AA-7D2F3C4394FD}.Debug|Any CPU.ActiveCfg = Debug|Any CPU
		{89E96660-7B49-4763-94AA-7D2F3C4394FD}.Debug|Any CPU.Build.0 = Debug|Any CPU
		{89E96660-7B49-4763-94AA-7D2F3C4394FD}.Release|Any CPU.ActiveCfg = Release|Any CPU
		{89E96660-7B49-4763-94AA-7D2F3C4394FD}.Release|Any CPU.Build.0 = Release|Any CPU
		{7F7E4FAD-84D3-4338-8B5F-F5B48936C466}.Debug|Any CPU.ActiveCfg = Debug|Any CPU
		{7F7E4FAD-84D3-4338-8B5F-F5B48936C466}.Debug|Any CPU.Build.0 = Debug|Any CPU
		{7F7E4FAD-84D3-4338-8B5F-F5B48936C466}.Release|Any CPU.ActiveCfg = Release|Any CPU
		{7F7E4FAD-84D3-4338-8B5F-F5B48936C466}.Release|Any CPU.Build.0 = Release|Any CPU
		{25850B64-4B96-4485-8D2D-0D28A5DB87C9}.Debug|Any CPU.ActiveCfg = Debug|Any CPU
		{25850B64-4B96-4485-8D2D-0D28A5DB87C9}.Debug|Any CPU.Build.0 = Debug|Any CPU
		{25850B64-4B96-4485-8D2D-0D28A5DB87C9}.Release|Any CPU.ActiveCfg = Release|Any CPU
		{25850B64-4B96-4485-8D2D-0D28A5DB87C9}.Release|Any CPU.Build.0 = Release|Any CPU
		{CB5B2B54-A2B8-496E-AC3D-177A892861C1}.Debug|Any CPU.ActiveCfg = Debug|Any CPU
		{CB5B2B54-A2B8-496E-AC3D-177A892861C1}.Debug|Any CPU.Build.0 = Debug|Any CPU
		{CB5B2B54-A2B8-496E-AC3D-177A892861C1}.Release|Any CPU.ActiveCfg = Release|Any CPU
		{CB5B2B54-A2B8-496E-AC3D-177A892861C1}.Release|Any CPU.Build.0 = Release|Any CPU
		{8E1E2AE4-39D0-486D-9AE1-956B97BB5F73}.Debug|Any CPU.ActiveCfg = Debug|Any CPU
		{8E1E2AE4-39D0-486D-9AE1-956B97BB5F73}.Debug|Any CPU.Build.0 = Debug|Any CPU
		{8E1E2AE4-39D0-486D-9AE1-956B97BB5F73}.Release|Any CPU.ActiveCfg = Release|Any CPU
		{8E1E2AE4-39D0-486D-9AE1-956B97BB5F73}.Release|Any CPU.Build.0 = Release|Any CPU
	EndGlobalSection
	GlobalSection(SolutionProperties) = preSolution
		HideSolutionNode = FALSE
	EndGlobalSection
	GlobalSection(NestedProjects) = preSolution
		{7F7E4FAD-84D3-4338-8B5F-F5B48936C466} = {8675DA0A-F193-4425-B10A-9A4D58DDE3EC}
		{CB5B2B54-A2B8-496E-AC3D-177A892861C1} = {8675DA0A-F193-4425-B10A-9A4D58DDE3EC}
		{25850B64-4B96-4485-8D2D-0D28A5DB87C9} = {6D2281C1-3265-4909-8A8E-C6AD09BE716A}
	EndGlobalSection
EndGlobal
